
Microsoft Visual Studio Solution File, Format Version 12.00
Project("{FAE04EC0-301F-11D3-BF4B-00C04F79EFBC}") = "KODEPROEX1", "KODEPROEX1\KODEPROEX1.csproj", "{34A7E54D-3064-47BA-8835-734373874FF4}"
EndProject
Global
	GlobalSection(SolutionConfigurationPlatforms) = preSolution
		Debug|Any CPU = Debug|Any CPU
		Release|Any CPU = Release|Any CPU
	EndGlobalSection
	GlobalSection(ProjectConfigurationPlatforms) = postSolution
		{34A7E54D-3064-47BA-8835-734373874FF4}.Debug|Any CPU.ActiveCfg = Debug|Any CPU
		{34A7E54D-3064-47BA-8835-734373874FF4}.Debug|Any CPU.Build.0 = Debug|Any CPU
		{34A7E54D-3064-47BA-8835-734373874FF4}.Release|Any CPU.ActiveCfg = Release|Any CPU
		{34A7E54D-3064-47BA-8835-734373874FF4}.Release|Any CPU.Build.0 = Release|Any CPU
	EndGlobalSection
EndGlobal
